
Microsoft Visual Studio Solution File, Format Version 12.00
# Visual Studio Version 17
VisualStudioVersion = 17.4.33213.308
MinimumVisualStudioVersion = 10.0.40219.1
Project("{FAE04EC0-301F-11D3-BF4B-00C04F79EFBC}") = "CarServiceCRUD", "CarServiceCRUD.csproj", "{FD90DD10-E96E-4E98-AA32-C8B0DB277B49}"
EndProject
Global
	GlobalSection(SolutionConfigurationPlatforms) = preSolution
		Debug|Any CPU = Debug|Any CPU
		Release|Any CPU = Release|Any CPU
	EndGlobalSection
	GlobalSection(ProjectConfigurationPlatforms) = postSolution
		{FD90DD10-E96E-4E98-AA32-C8B0DB277B49}.Debug|Any CPU.ActiveCfg = Debug|Any CPU
		{FD90DD10-E96E-4E98-AA32-C8B0DB277B49}.Debug|Any CPU.Build.0 = Debug|Any CPU
		{FD90DD10-E96E-4E98-AA32-C8B0DB277B49}.Release|Any CPU.ActiveCfg = Release|Any CPU
		{FD90DD10-E96E-4E98-AA32-C8B0DB277B49}.Release|Any CPU.Build.0 = Release|Any CPU
	EndGlobalSection
	GlobalSection(SolutionProperties) = preSolution
		HideSolutionNode = FALSE
	EndGlobalSection
	GlobalSection(ExtensibilityGlobals) = postSolution
		SolutionGuid = {D2581F44-6204-48D5-AC8A-64665778B7D8}
	EndGlobalSection
EndGlobal
